
Microsoft Visual Studio Solution File, Format Version 12.00
# Visual Studio 14
VisualStudioVersion = 14.0.25420.1
MinimumVisualStudioVersion = 10.0.40219.1
Project("{FAE04EC0-301F-11D3-BF4B-00C04F79EFBC}") = "LittleHelperApi", "LittleHelperApi\LittleHelperApi.csproj", "{E523D5F3-CB0E-4D07-A87F-3939C38A76B7}"
EndProject
Project("{FAE04EC0-301F-11D3-BF4B-00C04F79EFBC}") = "BusinessLayer", "BusinessLayer\BusinessLayer.csproj", "{C40702F5-6FC5-474E-87E3-DB3E6ECAD6BF}"
EndProject
Project("{FAE04EC0-301F-11D3-BF4B-00C04F79EFBC}") = "DBModelLib", "DBModelLib\DBModelLib.csproj", "{40830262-1E69-4FD5-A8ED-37A70EED593C}"
EndProject
Project("{FAE04EC0-301F-11D3-BF4B-00C04F79EFBC}") = "Dal", "Dal\Dal.csproj", "{EEBEA84F-214C-465D-8011-096C783B9306}"
EndProject
Project("{FAE04EC0-301F-11D3-BF4B-00C04F79EFBC}") = "Dal.Tests", "Dal.Tests\Dal.Tests.csproj", "{2BACC9DB-251F-4C48-8263-476CA2518F97}"
EndProject
Project("{2150E333-8FDC-42A3-9474-1A3956D46DE8}") = "Database", "Database", "{652C53B5-E4AB-4AE8-A74D-AFA7C128AEA5}"
EndProject
Project("{FAE04EC0-301F-11D3-BF4B-00C04F79EFBC}") = "ModelCreator", "ModelCreator\ModelCreator.csproj", "{E9962610-98BD-41C0-A58E-576B610CBBFA}"
EndProject
Global
	GlobalSection(SolutionConfigurationPlatforms) = preSolution
		Debug|Any CPU = Debug|Any CPU
		Release|Any CPU = Release|Any CPU
	EndGlobalSection
	GlobalSection(ProjectConfigurationPlatforms) = postSolution
		{E523D5F3-CB0E-4D07-A87F-3939C38A76B7}.Debug|Any CPU.ActiveCfg = Debug|Any CPU
		{E523D5F3-CB0E-4D07-A87F-3939C38A76B7}.Debug|Any CPU.Build.0 = Debug|Any CPU
		{E523D5F3-CB0E-4D07-A87F-3939C38A76B7}.Release|Any CPU.ActiveCfg = Release|Any CPU
		{E523D5F3-CB0E-4D07-A87F-3939C38A76B7}.Release|Any CPU.Build.0 = Release|Any CPU
		{C40702F5-6FC5-474E-87E3-DB3E6ECAD6BF}.Debug|Any CPU.ActiveCfg = Debug|Any CPU
		{C40702F5-6FC5-474E-87E3-DB3E6ECAD6BF}.Debug|Any CPU.Build.0 = Debug|Any CPU
		{C40702F5-6FC5-474E-87E3-DB3E6ECAD6BF}.Release|Any CPU.ActiveCfg = Release|Any CPU
		{C40702F5-6FC5-474E-87E3-DB3E6ECAD6BF}.Release|Any CPU.Build.0 = Release|Any CPU
		{40830262-1E69-4FD5-A8ED-37A70EED593C}.Debug|Any CPU.ActiveCfg = Debug|Any CPU
		{40830262-1E69-4FD5-A8ED-37A70EED593C}.Debug|Any CPU.Build.0 = Debug|Any CPU
		{40830262-1E69-4FD5-A8ED-37A70EED593C}.Release|Any CPU.ActiveCfg = Release|Any CPU
		{40830262-1E69-4FD5-A8ED-37A70EED593C}.Release|Any CPU.Build.0 = Release|Any CPU
		{EEBEA84F-214C-465D-8011-096C783B9306}.Debug|Any CPU.ActiveCfg = Debug|Any CPU
		{EEBEA84F-214C-465D-8011-096C783B9306}.Debug|Any CPU.Build.0 = Debug|Any CPU
		{EEBEA84F-214C-465D-8011-096C783B9306}.Release|Any CPU.ActiveCfg = Release|Any CPU
		{EEBEA84F-214C-465D-8011-096C783B9306}.Release|Any CPU.Build.0 = Release|Any CPU
		{2BACC9DB-251F-4C48-8263-476CA2518F97}.Debug|Any CPU.ActiveCfg = Debug|Any CPU
		{2BACC9DB-251F-4C48-8263-476CA2518F97}.Debug|Any CPU.Build.0 = Debug|Any CPU
		{2BACC9DB-251F-4C48-8263-476CA2518F97}.Release|Any CPU.ActiveCfg = Release|Any CPU
		{2BACC9DB-251F-4C48-8263-476CA2518F97}.Release|Any CPU.Build.0 = Release|Any CPU
		{E9962610-98BD-41C0-A58E-576B610CBBFA}.Debug|Any CPU.ActiveCfg = Debug|Any CPU
		{E9962610-98BD-41C0-A58E-576B610CBBFA}.Debug|Any CPU.Build.0 = Debug|Any CPU
		{E9962610-98BD-41C0-A58E-576B610CBBFA}.Release|Any CPU.ActiveCfg = Release|Any CPU
		{E9962610-98BD-41C0-A58E-576B610CBBFA}.Release|Any CPU.Build.0 = Release|Any CPU
	EndGlobalSection
	GlobalSection(SolutionProperties) = preSolution
		HideSolutionNode = FALSE
	EndGlobalSection
	GlobalSection(NestedProjects) = preSolution
		{E9962610-98BD-41C0-A58E-576B610CBBFA} = {652C53B5-E4AB-4AE8-A74D-AFA7C128AEA5}
	EndGlobalSection
EndGlobal
